
Microsoft Visual Studio Solution File, Format Version 12.00
Project("{FAE04EC0-301F-11D3-BF4B-00C04F79EFBC}") = "Day1", "Day1\Day1.csproj", "{563F0707-F39B-4A46-A72A-978CB8D8C152}"
EndProject
Project("{FAE04EC0-301F-11D3-BF4B-00C04F79EFBC}") = "Day2", "Day2\Day2.csproj", "{DE80650E-3200-4754-BDCB-017A371B1B2D}"
EndProject
Project("{FAE04EC0-301F-11D3-BF4B-00C04F79EFBC}") = "Day3", "Day3\Day3.csproj", "{C1A7E2B1-8EDA-4D53-ABA0-5B58E54257B3}"
EndProject
Project("{FAE04EC0-301F-11D3-BF4B-00C04F79EFBC}") = "Day4", "Day4\Day4.csproj", "{E29B4A8B-65DB-477F-BAA5-4067E4ADB1C2}"
EndProject
Project("{FAE04EC0-301F-11D3-BF4B-00C04F79EFBC}") = "Day5", "Day5\Day5.csproj", "{644A1EB5-13A7-463D-ABC8-679D64C5A417}"
EndProject
Project("{FAE04EC0-301F-11D3-BF4B-00C04F79EFBC}") = "Day6", "Day6\Day6.csproj", "{F02F9F1D-145D-4882-942F-058662427D7D}"
EndProject
Project("{FAE04EC0-301F-11D3-BF4B-00C04F79EFBC}") = "Day7", "Day7\Day7.csproj", "{D66C56B4-B864-47B2-B697-1FB05014FD5C}"
EndProject
Project("{FAE04EC0-301F-11D3-BF4B-00C04F79EFBC}") = "Day8", "Day8\Day8.csproj", "{901E78EB-9185-4A77-9594-4B1D1A96242E}"
EndProject
Project("{FAE04EC0-301F-11D3-BF4B-00C04F79EFBC}") = "Day9", "Day9\Day9.csproj", "{03BFA871-B353-4364-8B5C-1017525EC662}"
EndProject
Project("{FAE04EC0-301F-11D3-BF4B-00C04F79EFBC}") = "Day10", "Day10\Day10.csproj", "{A1EA30BB-212B-4627-8DFD-2A6E3D67BDF7}"
EndProject
Project("{FAE04EC0-301F-11D3-BF4B-00C04F79EFBC}") = "Day11", "Day11\Day11.csproj", "{2F5C14D9-E477-436D-BBDA-308AD2FE907F}"
EndProject
Project("{FAE04EC0-301F-11D3-BF4B-00C04F79EFBC}") = "Day12", "Day12\Day12.csproj", "{2CB499CD-C948-4F3D-9646-EB9844964760}"
EndProject
Project("{FAE04EC0-301F-11D3-BF4B-00C04F79EFBC}") = "Day13", "Day13\Day13.csproj", "{131AD460-224B-43DB-8405-97CC13057E1D}"
EndProject
Project("{FAE04EC0-301F-11D3-BF4B-00C04F79EFBC}") = "Day14", "Day14\Day14.csproj", "{944BA17E-DFE9-4D88-BECA-22153224D58A}"
EndProject
Project("{FAE04EC0-301F-11D3-BF4B-00C04F79EFBC}") = "Day15", "Day15\Day15.csproj", "{007BFA9C-47CE-4D63-A232-2A60ABA1C3C3}"
EndProject
Project("{FAE04EC0-301F-11D3-BF4B-00C04F79EFBC}") = "Day16", "Day16\Day16.csproj", "{98D55904-961E-46CD-999F-3F9C7BDEF66C}"
EndProject
Project("{FAE04EC0-301F-11D3-BF4B-00C04F79EFBC}") = "Day17", "Day17\Day17.csproj", "{032AD44D-4036-41F7-9E3C-62C14E954B16}"
EndProject
Project("{FAE04EC0-301F-11D3-BF4B-00C04F79EFBC}") = "Day18", "Day18\Day18.csproj", "{73052184-4DE3-41AE-ADEA-4E2099AEF803}"
EndProject
Project("{FAE04EC0-301F-11D3-BF4B-00C04F79EFBC}") = "Day19", "Day19\Day19.csproj", "{21924865-5156-4513-827E-C03C81BFB064}"
EndProject
Project("{FAE04EC0-301F-11D3-BF4B-00C04F79EFBC}") = "Day20", "Day20\Day20.csproj", "{7819950F-8206-4E9D-B2C0-FD222127674F}"
EndProject
Project("{FAE04EC0-301F-11D3-BF4B-00C04F79EFBC}") = "Day21", "Day21\Day21.csproj", "{E61B0425-20FB-46CE-A52F-7F2712603103}"
EndProject
Project("{FAE04EC0-301F-11D3-BF4B-00C04F79EFBC}") = "Day22", "Day22\Day22.csproj", "{BBB885B3-8F65-4228-BAD2-7F73C6A68023}"
EndProject
Project("{FAE04EC0-301F-11D3-BF4B-00C04F79EFBC}") = "Day23", "Day23\Day23.csproj", "{663B55D8-D5A8-4439-8630-3319080E0D15}"
EndProject
Global
	GlobalSection(SolutionConfigurationPlatforms) = preSolution
		Debug|Any CPU = Debug|Any CPU
		Release|Any CPU = Release|Any CPU
	EndGlobalSection
	GlobalSection(ProjectConfigurationPlatforms) = postSolution
		{563F0707-F39B-4A46-A72A-978CB8D8C152}.Debug|Any CPU.ActiveCfg = Debug|Any CPU
		{563F0707-F39B-4A46-A72A-978CB8D8C152}.Debug|Any CPU.Build.0 = Debug|Any CPU
		{563F0707-F39B-4A46-A72A-978CB8D8C152}.Release|Any CPU.ActiveCfg = Release|Any CPU
		{563F0707-F39B-4A46-A72A-978CB8D8C152}.Release|Any CPU.Build.0 = Release|Any CPU
		{DE80650E-3200-4754-BDCB-017A371B1B2D}.Debug|Any CPU.ActiveCfg = Debug|Any CPU
		{DE80650E-3200-4754-BDCB-017A371B1B2D}.Debug|Any CPU.Build.0 = Debug|Any CPU
		{DE80650E-3200-4754-BDCB-017A371B1B2D}.Release|Any CPU.ActiveCfg = Release|Any CPU
		{DE80650E-3200-4754-BDCB-017A371B1B2D}.Release|Any CPU.Build.0 = Release|Any CPU
		{C1A7E2B1-8EDA-4D53-ABA0-5B58E54257B3}.Debug|Any CPU.ActiveCfg = Debug|Any CPU
		{C1A7E2B1-8EDA-4D53-ABA0-5B58E54257B3}.Debug|Any CPU.Build.0 = Debug|Any CPU
		{C1A7E2B1-8EDA-4D53-ABA0-5B58E54257B3}.Release|Any CPU.ActiveCfg = Release|Any CPU
		{C1A7E2B1-8EDA-4D53-ABA0-5B58E54257B3}.Release|Any CPU.Build.0 = Release|Any CPU
		{E29B4A8B-65DB-477F-BAA5-4067E4ADB1C2}.Debug|Any CPU.ActiveCfg = Debug|Any CPU
		{E29B4A8B-65DB-477F-BAA5-4067E4ADB1C2}.Debug|Any CPU.Build.0 = Debug|Any CPU
		{E29B4A8B-65DB-477F-BAA5-4067E4ADB1C2}.Release|Any CPU.ActiveCfg = Release|Any CPU
		{E29B4A8B-65DB-477F-BAA5-4067E4ADB1C2}.Release|Any CPU.Build.0 = Release|Any CPU
		{644A1EB5-13A7-463D-ABC8-679D64C5A417}.Debug|Any CPU.ActiveCfg = Debug|Any CPU
		{644A1EB5-13A7-463D-ABC8-679D64C5A417}.Debug|Any CPU.Build.0 = Debug|Any CPU
		{644A1EB5-13A7-463D-ABC8-679D64C5A417}.Release|Any CPU.ActiveCfg = Release|Any CPU
		{644A1EB5-13A7-463D-ABC8-679D64C5A417}.Release|Any CPU.Build.0 = Release|Any CPU
		{F02F9F1D-145D-4882-942F-058662427D7D}.Debug|Any CPU.ActiveCfg = Debug|Any CPU
		{F02F9F1D-145D-4882-942F-058662427D7D}.Debug|Any CPU.Build.0 = Debug|Any CPU
		{F02F9F1D-145D-4882-942F-058662427D7D}.Release|Any CPU.ActiveCfg = Release|Any CPU
		{F02F9F1D-145D-4882-942F-058662427D7D}.Release|Any CPU.Build.0 = Release|Any CPU
		{D66C56B4-B864-47B2-B697-1FB05014FD5C}.Debug|Any CPU.ActiveCfg = Debug|Any CPU
		{D66C56B4-B864-47B2-B697-1FB05014FD5C}.Debug|Any CPU.Build.0 = Debug|Any CPU
		{D66C56B4-B864-47B2-B697-1FB05014FD5C}.Release|Any CPU.ActiveCfg = Release|Any CPU
		{D66C56B4-B864-47B2-B697-1FB05014FD5C}.Release|Any CPU.Build.0 = Release|Any CPU
		{901E78EB-9185-4A77-9594-4B1D1A96242E}.Debug|Any CPU.ActiveCfg = Debug|Any CPU
		{901E78EB-9185-4A77-9594-4B1D1A96242E}.Debug|Any CPU.Build.0 = Debug|Any CPU
		{901E78EB-9185-4A77-9594-4B1D1A96242E}.Release|Any CPU.ActiveCfg = Release|Any CPU
		{901E78EB-9185-4A77-9594-4B1D1A96242E}.Release|Any CPU.Build.0 = Release|Any CPU
		{03BFA871-B353-4364-8B5C-1017525EC662}.Debug|Any CPU.ActiveCfg = Debug|Any CPU
		{03BFA871-B353-4364-8B5C-1017525EC662}.Debug|Any CPU.Build.0 = Debug|Any CPU
		{03BFA871-B353-4364-8B5C-1017525EC662}.Release|Any CPU.ActiveCfg = Release|Any CPU
		{03BFA871-B353-4364-8B5C-1017525EC662}.Release|Any CPU.Build.0 = Release|Any CPU
		{A1EA30BB-212B-4627-8DFD-2A6E3D67BDF7}.Debug|Any CPU.ActiveCfg = Debug|Any CPU
		{A1EA30BB-212B-4627-8DFD-2A6E3D67BDF7}.Debug|Any CPU.Build.0 = Debug|Any CPU
		{A1EA30BB-212B-4627-8DFD-2A6E3D67BDF7}.Release|Any CPU.ActiveCfg = Release|Any CPU
		{A1EA30BB-212B-4627-8DFD-2A6E3D67BDF7}.Release|Any CPU.Build.0 = Release|Any CPU
		{2F5C14D9-E477-436D-BBDA-308AD2FE907F}.Debug|Any CPU.ActiveCfg = Debug|Any CPU
		{2F5C14D9-E477-436D-BBDA-308AD2FE907F}.Debug|Any CPU.Build.0 = Debug|Any CPU
		{2F5C14D9-E477-436D-BBDA-308AD2FE907F}.Release|Any CPU.ActiveCfg = Release|Any CPU
		{2F5C14D9-E477-436D-BBDA-308AD2FE907F}.Release|Any CPU.Build.0 = Release|Any CPU
		{2CB499CD-C948-4F3D-9646-EB9844964760}.Debug|Any CPU.ActiveCfg = Debug|Any CPU
		{2CB499CD-C948-4F3D-9646-EB9844964760}.Debug|Any CPU.Build.0 = Debug|Any CPU
		{2CB499CD-C948-4F3D-9646-EB9844964760}.Release|Any CPU.ActiveCfg = Release|Any CPU
		{2CB499CD-C948-4F3D-9646-EB9844964760}.Release|Any CPU.Build.0 = Release|Any CPU
		{131AD460-224B-43DB-8405-97CC13057E1D}.Debug|Any CPU.ActiveCfg = Debug|Any CPU
		{131AD460-224B-43DB-8405-97CC13057E1D}.Debug|Any CPU.Build.0 = Debug|Any CPU
		{131AD460-224B-43DB-8405-97CC13057E1D}.Release|Any CPU.ActiveCfg = Release|Any CPU
		{131AD460-224B-43DB-8405-97CC13057E1D}.Release|Any CPU.Build.0 = Release|Any CPU
		{944BA17E-DFE9-4D88-BECA-22153224D58A}.Debug|Any CPU.ActiveCfg = Debug|Any CPU
		{944BA17E-DFE9-4D88-BECA-22153224D58A}.Debug|Any CPU.Build.0 = Debug|Any CPU
		{944BA17E-DFE9-4D88-BECA-22153224D58A}.Release|Any CPU.ActiveCfg = Release|Any CPU
		{944BA17E-DFE9-4D88-BECA-22153224D58A}.Release|Any CPU.Build.0 = Release|Any CPU
		{007BFA9C-47CE-4D63-A232-2A60ABA1C3C3}.Debug|Any CPU.ActiveCfg = Debug|Any CPU
		{007BFA9C-47CE-4D63-A232-2A60ABA1C3C3}.Debug|Any CPU.Build.0 = Debug|Any CPU
		{007BFA9C-47CE-4D63-A232-2A60ABA1C3C3}.Release|Any CPU.ActiveCfg = Release|Any CPU
		{007BFA9C-47CE-4D63-A232-2A60ABA1C3C3}.Release|Any CPU.Build.0 = Release|Any CPU
		{98D55904-961E-46CD-999F-3F9C7BDEF66C}.Debug|Any CPU.ActiveCfg = Debug|Any CPU
		{98D55904-961E-46CD-999F-3F9C7BDEF66C}.Debug|Any CPU.Build.0 = Debug|Any CPU
		{98D55904-961E-46CD-999F-3F9C7BDEF66C}.Release|Any CPU.ActiveCfg = Release|Any CPU
		{98D55904-961E-46CD-999F-3F9C7BDEF66C}.Release|Any CPU.Build.0 = Release|Any CPU
		{032AD44D-4036-41F7-9E3C-62C14E954B16}.Debug|Any CPU.ActiveCfg = Debug|Any CPU
		{032AD44D-4036-41F7-9E3C-62C14E954B16}.Debug|Any CPU.Build.0 = Debug|Any CPU
		{032AD44D-4036-41F7-9E3C-62C14E954B16}.Release|Any CPU.ActiveCfg = Release|Any CPU
		{032AD44D-4036-41F7-9E3C-62C14E954B16}.Release|Any CPU.Build.0 = Release|Any CPU
		{73052184-4DE3-41AE-ADEA-4E2099AEF803}.Debug|Any CPU.ActiveCfg = Debug|Any CPU
		{73052184-4DE3-41AE-ADEA-4E2099AEF803}.Debug|Any CPU.Build.0 = Debug|Any CPU
		{73052184-4DE3-41AE-ADEA-4E2099AEF803}.Release|Any CPU.ActiveCfg = Release|Any CPU
		{73052184-4DE3-41AE-ADEA-4E2099AEF803}.Release|Any CPU.Build.0 = Release|Any CPU
		{21924865-5156-4513-827E-C03C81BFB064}.Debug|Any CPU.ActiveCfg = Debug|Any CPU
		{21924865-5156-4513-827E-C03C81BFB064}.Debug|Any CPU.Build.0 = Debug|Any CPU
		{21924865-5156-4513-827E-C03C81BFB064}.Release|Any CPU.ActiveCfg = Release|Any CPU
		{21924865-5156-4513-827E-C03C81BFB064}.Release|Any CPU.Build.0 = Release|Any CPU
		{7819950F-8206-4E9D-B2C0-FD222127674F}.Debug|Any CPU.ActiveCfg = Debug|Any CPU
		{7819950F-8206-4E9D-B2C0-FD222127674F}.Debug|Any CPU.Build.0 = Debug|Any CPU
		{7819950F-8206-4E9D-B2C0-FD222127674F}.Release|Any CPU.ActiveCfg = Release|Any CPU
		{7819950F-8206-4E9D-B2C0-FD222127674F}.Release|Any CPU.Build.0 = Release|Any CPU
		{E61B0425-20FB-46CE-A52F-7F2712603103}.Debug|Any CPU.ActiveCfg = Debug|Any CPU
		{E61B0425-20FB-46CE-A52F-7F2712603103}.Debug|Any CPU.Build.0 = Debug|Any CPU
		{E61B0425-20FB-46CE-A52F-7F2712603103}.Release|Any CPU.ActiveCfg = Release|Any CPU
		{E61B0425-20FB-46CE-A52F-7F2712603103}.Release|Any CPU.Build.0 = Release|Any CPU
		{BBB885B3-8F65-4228-BAD2-7F73C6A68023}.Debug|Any CPU.ActiveCfg = Debug|Any CPU
		{BBB885B3-8F65-4228-BAD2-7F73C6A68023}.Debug|Any CPU.Build.0 = Debug|Any CPU
		{BBB885B3-8F65-4228-BAD2-7F73C6A68023}.Release|Any CPU.ActiveCfg = Release|Any CPU
		{BBB885B3-8F65-4228-BAD2-7F73C6A68023}.Release|Any CPU.Build.0 = Release|Any CPU
		{663B55D8-D5A8-4439-8630-3319080E0D15}.Debug|Any CPU.ActiveCfg = Debug|Any CPU
		{663B55D8-D5A8-4439-8630-3319080E0D15}.Debug|Any CPU.Build.0 = Debug|Any CPU
		{663B55D8-D5A8-4439-8630-3319080E0D15}.Release|Any CPU.ActiveCfg = Release|Any CPU
		{663B55D8-D5A8-4439-8630-3319080E0D15}.Release|Any CPU.Build.0 = Release|Any CPU
	EndGlobalSection
EndGlobal
